
Microsoft Visual Studio Solution File, Format Version 12.00
# Visual Studio Version 16
VisualStudioVersion = 16.0.810.13
MinimumVisualStudioVersion = 10.0.40219.1
Project("{FAE04EC0-301F-11D3-BF4B-00C04F79EFBC}") = "Movie-App", "Movie-App\Movie-App.csproj", "{72DCAF41-2259-441F-9CAB-78C504FDA74B}"
EndProject
Global
	GlobalSection(SolutionConfigurationPlatforms) = preSolution
		Debug|Any CPU = Debug|Any CPU
		Release|Any CPU = Release|Any CPU
	EndGlobalSection
	GlobalSection(ProjectConfigurationPlatforms) = postSolution
		{72DCAF41-2259-441F-9CAB-78C504FDA74B}.Debug|Any CPU.ActiveCfg = Debug|Any CPU
		{72DCAF41-2259-441F-9CAB-78C504FDA74B}.Debug|Any CPU.Build.0 = Debug|Any CPU
		{72DCAF41-2259-441F-9CAB-78C504FDA74B}.Release|Any CPU.ActiveCfg = Release|Any CPU
		{72DCAF41-2259-441F-9CAB-78C504FDA74B}.Release|Any CPU.Build.0 = Release|Any CPU
	EndGlobalSection
	GlobalSection(SolutionProperties) = preSolution
		HideSolutionNode = FALSE
	EndGlobalSection
	GlobalSection(ExtensibilityGlobals) = postSolution
		SolutionGuid = {D78BAC92-8F76-487D-9AA9-56069310C262}
	EndGlobalSection
	GlobalSection(MonoDevelopProperties) = preSolution
		Policies = $0
		$0.VersionControlPolicy = $1
	EndGlobalSection
EndGlobal
